# THIS IS AN AUTOGENERATED FILE. DO NOT EDIT THIS FILE DIRECTLY.
# yarn lockfile v1


buffer-shims@^1.0.0:
  version "1.0.0"
  resolved "https://registry.yarnpkg.com/buffer-shims/-/buffer-shims-1.0.0.tgz#9978ce317388c649ad8793028c3477ef044a8b51"

concat-stream@:
  version "1.6.0"
  resolved "https://registry.yarnpkg.com/concat-stream/-/concat-stream-1.6.0.tgz#0aac662fd52be78964d5532f694784e70110acf7"
  dependencies:
    inherits "^2.0.3"
    readable-stream "^2.2.2"
    typedarray "^0.0.6"

cookiejar@:
  version "2.1.0"
  resolved "https://registry.yarnpkg.com/cookiejar/-/cookiejar-2.1.0.tgz#86549689539b6d0e269b6637a304be508194d898"

core-util-is@~1.0.0:
  version "1.0.2"
  resolved "https://registry.yarnpkg.com/core-util-is/-/core-util-is-1.0.2.tgz#b5fd54220aa2bc5ab57aab7140c940754503c1a7"

csprng@:
  version "0.1.2"
  resolved "https://registry.yarnpkg.com/csprng/-/csprng-0.1.2.tgz#4bc68f12fa368d252a59841cbaca974b18ab45e2"
  dependencies:
    sequin "*"

debug@^0.8.1:
  version "0.8.1"
  resolved "https://registry.yarnpkg.com/debug/-/debug-0.8.1.tgz#20ff4d26f5e422cb68a1bacbbb61039ad8c1c130"

eventemitter3@^0.1.6:
  version "0.1.6"
  resolved "https://registry.yarnpkg.com/eventemitter3/-/eventemitter3-0.1.6.tgz#8c7ac44b87baab55cd50c828dc38778eac052ea5"

faye-websocket@>=0.7.0:
  version "0.11.1"
  resolved "https://registry.yarnpkg.com/faye-websocket/-/faye-websocket-0.11.1.tgz#f0efe18c4f56e4f40afc7e06c719fd5ee6188f38"
  dependencies:
    websocket-driver ">=0.5.1"

faye-websocket@~0.9.4:
  version "0.9.4"
  resolved "https://registry.yarnpkg.com/faye-websocket/-/faye-websocket-0.9.4.tgz#885934c79effb0409549e0c0a3801ed17a40cdad"
  dependencies:
    websocket-driver ">=0.5.1"

faye@~1.0.1:
  version "1.0.3"
  resolved "https://registry.yarnpkg.com/faye/-/faye-1.0.3.tgz#e6593c1f61e192a85a3b1f221e317b85505f5f1f"
  dependencies:
    concat-stream ""
    cookiejar ""
    csprng ""
    faye-websocket ">=0.7.0"

gitter-faye@^1.1.0-e:
  version "1.1.0-h"
  resolved "https://registry.yarnpkg.com/gitter-faye/-/gitter-faye-1.1.0-h.tgz#f88036380d72e2389aa337a1f71368e74e1ec770"
  dependencies:
    csprng ""
    faye-websocket "~0.9.4"
    tough-cookie ""
    tunnel-agent ""

inherits@^2.0.3, inherits@~2.0.1:
  version "2.0.3"
  resolved "https://registry.yarnpkg.com/inherits/-/inherits-2.0.3.tgz#633c2c83e3da42a502f52466022480f4208261de"

isarray@~1.0.0:
  version "1.0.0"
  resolved "https://registry.yarnpkg.com/isarray/-/isarray-1.0.0.tgz#bb935d48582cba168c06834957a54a3e07124f11"

net@^1.0.2:
  version "1.0.2"
  resolved "https://registry.yarnpkg.com/net/-/net-1.0.2.tgz#d1757ec9a7fb2371d83cf4755ce3e27e10829388"

node-gitter@^2.0.5:
  version "2.0.5"
  resolved "https://registry.yarnpkg.com/node-gitter/-/node-gitter-2.0.5.tgz#c53c3b6b2d5a901100f1458c2b3b819fea456460"
  dependencies:
    debug "^0.8.1"
    eventemitter3 "^0.1.6"
    faye "~1.0.1"
    gitter-faye "^1.1.0-e"
    q "~1.0.1"
    qs "~1.2.1"

process-nextick-args@~1.0.6:
  version "1.0.7"
  resolved "https://registry.yarnpkg.com/process-nextick-args/-/process-nextick-args-1.0.7.tgz#150e20b756590ad3f91093f25a4f2ad8bff30ba3"

punycode@^1.4.1:
  version "1.4.1"
  resolved "https://registry.yarnpkg.com/punycode/-/punycode-1.4.1.tgz#c0d5a63b2718800ad8e1eb0fa5269c84dd41845e"

q@~1.0.1:
  version "1.0.1"
  resolved "https://registry.yarnpkg.com/q/-/q-1.0.1.tgz#11872aeedee89268110b10a718448ffb10112a14"

qs@~1.2.1:
  version "1.2.2"
  resolved "https://registry.yarnpkg.com/qs/-/qs-1.2.2.tgz#19b57ff24dc2a99ce1f8bdf6afcda59f8ef61f88"

readable-stream@^2.2.2:
  version "2.2.6"
  resolved "https://registry.yarnpkg.com/readable-stream/-/readable-stream-2.2.6.tgz#8b43aed76e71483938d12a8d46c6cf1a00b1f816"
  dependencies:
    buffer-shims "^1.0.0"
    core-util-is "~1.0.0"
    inherits "~2.0.1"
    isarray "~1.0.0"
    process-nextick-args "~1.0.6"
    string_decoder "~0.10.x"
    util-deprecate "~1.0.1"

sequin@*:
  version "0.1.0"
  resolved "https://registry.yarnpkg.com/sequin/-/sequin-0.1.0.tgz#17c5566d9d555413aa12fc8bc96ed309c80e0aad"

string_decoder@~0.10.x:
  version "0.10.31"
  resolved "https://registry.yarnpkg.com/string_decoder/-/string_decoder-0.10.31.tgz#62e203bc41766c6c28c9fc84301dab1c5310fa94"

tough-cookie@:
  version "2.3.2"
  resolved "https://registry.yarnpkg.com/tough-cookie/-/tough-cookie-2.3.2.tgz#f081f76e4c85720e6c37a5faced737150d84072a"
  dependencies:
    punycode "^1.4.1"

tunnel-agent@:
  version "0.4.3"
  resolved "https://registry.yarnpkg.com/tunnel-agent/-/tunnel-agent-0.4.3.tgz#6373db76909fe570e08d73583365ed828a74eeeb"

typedarray@^0.0.6:
  version "0.0.6"
  resolved "https://registry.yarnpkg.com/typedarray/-/typedarray-0.0.6.tgz#867ac74e3864187b1d3d47d996a78ec5c8830777"

util-deprecate@~1.0.1:
  version "1.0.2"
  resolved "https://registry.yarnpkg.com/util-deprecate/-/util-deprecate-1.0.2.tgz#450d4dc9fa70de732762fbd2d4a28981419a0ccf"

websocket-driver@>=0.5.1:
  version "0.6.5"
  resolved "https://registry.yarnpkg.com/websocket-driver/-/websocket-driver-0.6.5.tgz#5cb2556ceb85f4373c6d8238aa691c8454e13a36"
  dependencies:
    websocket-extensions ">=0.1.1"

websocket-extensions@>=0.1.1:
  version "0.1.1"
  resolved "https://registry.yarnpkg.com/websocket-extensions/-/websocket-extensions-0.1.1.tgz#76899499c184b6ef754377c2dbb0cd6cb55d29e7"
